
Microsoft Visual Studio Solution File, Format Version 12.00
# Visual Studio Version 16
VisualStudioVersion = 25.0.1706.0
MinimumVisualStudioVersion = 10.0.40219.1
Project("{FAE04EC0-301F-11D3-BF4B-00C04F79EFBC}") = "TechForum", "TechForum\TechForum.csproj", "{682C1A5D-D7AA-4617-94A4-1CB692E61AEE}"
EndProject
Global
	GlobalSection(SolutionConfigurationPlatforms) = preSolution
		Debug|Any CPU = Debug|Any CPU
		Release|Any CPU = Release|Any CPU
	EndGlobalSection
	GlobalSection(ProjectConfigurationPlatforms) = postSolution
		{682C1A5D-D7AA-4617-94A4-1CB692E61AEE}.Debug|Any CPU.ActiveCfg = Debug|Any CPU
		{682C1A5D-D7AA-4617-94A4-1CB692E61AEE}.Debug|Any CPU.Build.0 = Debug|Any CPU
		{682C1A5D-D7AA-4617-94A4-1CB692E61AEE}.Release|Any CPU.ActiveCfg = Release|Any CPU
		{682C1A5D-D7AA-4617-94A4-1CB692E61AEE}.Release|Any CPU.Build.0 = Release|Any CPU
	EndGlobalSection
	GlobalSection(SolutionProperties) = preSolution
		HideSolutionNode = FALSE
	EndGlobalSection
	GlobalSection(ExtensibilityGlobals) = postSolution
		SolutionGuid = {E7EC64D8-0B40-4868-B6FD-53B6E080EBB6}
	EndGlobalSection
EndGlobal
